{
  "version": "3",
  "packages": {
    "specifiers": {
      "jsr:@sgohlke/deno-web@^8.2.3": "jsr:@sgohlke/deno-web@8.2.3"
    },
    "jsr": {
      "@sgohlke/deno-web@8.2.3": {
        "integrity": "9a506a0b12719c5095485a1bfd108d292ab9edd5f2381a254a98298f27297cbb"
      }
    }
  },
  "remote": {}
}
